
Microsoft Visual Studio Solution File, Format Version 12.00
# Visual Studio Version 17
VisualStudioVersion = 17.8.34309.116
MinimumVisualStudioVersion = 10.0.40219.1
Project("{FAE04EC0-301F-11D3-BF4B-00C04F79EFBC}") = "DynamicDeadlineMod", "DynamicDeadlineMod\DynamicDeadlineMod.csproj", "{78C98D39-8B11-4A2C-BCCB-E32338F5BACF}"
EndProject
Global
	GlobalSection(SolutionConfigurationPlatforms) = preSolution
		Debug|Any CPU = Debug|Any CPU
		Release|Any CPU = Release|Any CPU
	EndGlobalSection
	GlobalSection(ProjectConfigurationPlatforms) = postSolution
		{78C98D39-8B11-4A2C-BCCB-E32338F5BACF}.Debug|Any CPU.ActiveCfg = Debug|Any CPU
		{78C98D39-8B11-4A2C-BCCB-E32338F5BACF}.Debug|Any CPU.Build.0 = Debug|Any CPU
		{78C98D39-8B11-4A2C-BCCB-E32338F5BACF}.Release|Any CPU.ActiveCfg = Release|Any CPU
		{78C98D39-8B11-4A2C-BCCB-E32338F5BACF}.Release|Any CPU.Build.0 = Release|Any CPU
	EndGlobalSection
	GlobalSection(SolutionProperties) = preSolution
		HideSolutionNode = FALSE
	EndGlobalSection
	GlobalSection(ExtensibilityGlobals) = postSolution
		SolutionGuid = {B73789D4-FEF0-4439-AEF3-A616BE1174D9}
	EndGlobalSection
EndGlobal
